
Microsoft Visual Studio Solution File, Format Version 12.00
# Visual Studio Version 16
VisualStudioVersion = 16.0.30413.136
MinimumVisualStudioVersion = 10.0.40219.1
Project("{FAE04EC0-301F-11D3-BF4B-00C04F79EFBC}") = "Entidades", "Entidades\Entidades.csproj", "{B553B8D9-39C8-4CFF-8306-59E8451D0A43}"
EndProject
Project("{FAE04EC0-301F-11D3-BF4B-00C04F79EFBC}") = "MiCalculadora", "MiCalculadora\MiCalculadora.csproj", "{47268716-8FC4-40CF-9B0F-B59ED41FD68B}"
EndProject
Global
	GlobalSection(SolutionConfigurationPlatforms) = preSolution
		Debug|Any CPU = Debug|Any CPU
		Release|Any CPU = Release|Any CPU
	EndGlobalSection
	GlobalSection(ProjectConfigurationPlatforms) = postSolution
		{B553B8D9-39C8-4CFF-8306-59E8451D0A43}.Debug|Any CPU.ActiveCfg = Debug|Any CPU
		{B553B8D9-39C8-4CFF-8306-59E8451D0A43}.Debug|Any CPU.Build.0 = Debug|Any CPU
		{B553B8D9-39C8-4CFF-8306-59E8451D0A43}.Release|Any CPU.ActiveCfg = Release|Any CPU
		{B553B8D9-39C8-4CFF-8306-59E8451D0A43}.Release|Any CPU.Build.0 = Release|Any CPU
		{47268716-8FC4-40CF-9B0F-B59ED41FD68B}.Debug|Any CPU.ActiveCfg = Debug|Any CPU
		{47268716-8FC4-40CF-9B0F-B59ED41FD68B}.Debug|Any CPU.Build.0 = Debug|Any CPU
		{47268716-8FC4-40CF-9B0F-B59ED41FD68B}.Release|Any CPU.ActiveCfg = Release|Any CPU
		{47268716-8FC4-40CF-9B0F-B59ED41FD68B}.Release|Any CPU.Build.0 = Release|Any CPU
	EndGlobalSection
	GlobalSection(SolutionProperties) = preSolution
		HideSolutionNode = FALSE
	EndGlobalSection
	GlobalSection(ExtensibilityGlobals) = postSolution
		SolutionGuid = {943CA779-F70A-4E05-95A1-99890C8B9F36}
	EndGlobalSection
EndGlobal
