
Microsoft Visual Studio Solution File, Format Version 12.00
# Visual Studio Version 16
VisualStudioVersion = 16.0.30413.136
MinimumVisualStudioVersion = 10.0.40219.1
Project("{FAE04EC0-301F-11D3-BF4B-00C04F79EFBC}") = "Consola", "Consola\Consola.csproj", "{8321D0B5-B68F-4931-9842-9A193DA878ED}"
EndProject
Project("{FAE04EC0-301F-11D3-BF4B-00C04F79EFBC}") = "Entidades", "Entidades\Entidades.csproj", "{5C89CD0F-B251-4F98-AC2A-D3749ECCBAA5}"
EndProject
Project("{FAE04EC0-301F-11D3-BF4B-00C04F79EFBC}") = "MiCalculadora", "MiCalculadora\MiCalculadora.csproj", "{8BA8C1A6-BC55-4841-AEF7-530EF89C3131}"
EndProject
Global
	GlobalSection(SolutionConfigurationPlatforms) = preSolution
		Debug|Any CPU = Debug|Any CPU
		Release|Any CPU = Release|Any CPU
	EndGlobalSection
	GlobalSection(ProjectConfigurationPlatforms) = postSolution
		{8321D0B5-B68F-4931-9842-9A193DA878ED}.Debug|Any CPU.ActiveCfg = Debug|Any CPU
		{8321D0B5-B68F-4931-9842-9A193DA878ED}.Debug|Any CPU.Build.0 = Debug|Any CPU
		{8321D0B5-B68F-4931-9842-9A193DA878ED}.Release|Any CPU.ActiveCfg = Release|Any CPU
		{8321D0B5-B68F-4931-9842-9A193DA878ED}.Release|Any CPU.Build.0 = Release|Any CPU
		{5C89CD0F-B251-4F98-AC2A-D3749ECCBAA5}.Debug|Any CPU.ActiveCfg = Debug|Any CPU
		{5C89CD0F-B251-4F98-AC2A-D3749ECCBAA5}.Debug|Any CPU.Build.0 = Debug|Any CPU
		{5C89CD0F-B251-4F98-AC2A-D3749ECCBAA5}.Release|Any CPU.ActiveCfg = Release|Any CPU
		{5C89CD0F-B251-4F98-AC2A-D3749ECCBAA5}.Release|Any CPU.Build.0 = Release|Any CPU
		{8BA8C1A6-BC55-4841-AEF7-530EF89C3131}.Debug|Any CPU.ActiveCfg = Debug|Any CPU
		{8BA8C1A6-BC55-4841-AEF7-530EF89C3131}.Debug|Any CPU.Build.0 = Debug|Any CPU
		{8BA8C1A6-BC55-4841-AEF7-530EF89C3131}.Release|Any CPU.ActiveCfg = Release|Any CPU
		{8BA8C1A6-BC55-4841-AEF7-530EF89C3131}.Release|Any CPU.Build.0 = Release|Any CPU
	EndGlobalSection
	GlobalSection(SolutionProperties) = preSolution
		HideSolutionNode = FALSE
	EndGlobalSection
	GlobalSection(ExtensibilityGlobals) = postSolution
		SolutionGuid = {6897EF5E-08D7-46D3-948C-FC2AD0CCAC46}
	EndGlobalSection
EndGlobal
